{
  "nodes": {
    "flake-parts": {
      "inputs": {
        "nixpkgs-lib": "nixpkgs-lib"
      },
      "locked": {
        "lastModified": 1778716662,
        "narHash": "sha256-m1Yf0wZ8j1OHjTc2UwHwyQRSnNeSgLJOd7q5Y45hzi4=",
        "owner": "hercules-ci",
        "repo": "flake-parts",
        "rev": "f7c1a2d347e4c52d5fb8d10cb4d94b5884e546fb",
        "type": "github"
      },
      "original": {
        "owner": "hercules-ci",
        "repo": "flake-parts",
        "type": "github"
      }
    },
    "nixpkgs": {
      "locked": {
        "lastModified": 1781808408,
        "narHash": "sha256-0sOb6OIaD/K1zHxBhpmlKvkADfe0n8+l4Jj2e1Q0r3w=",
        "owner": "NixOS",
        "repo": "nixpkgs",
        "rev": "e8210c649915deed7080033cdbabcc19e40bb899",
        "type": "github"
      },
      "original": {
        "owner": "NixOS",
        "ref": "nixos-26.05",
        "repo": "nixpkgs",
        "type": "github"
      }
    },
    "nixpkgs-darwin": {
      "locked": {
        "lastModified": 1780383649,
        "narHash": "sha256-FS3od1iIyWYz68tqZGGc92Po7Ji+G2NEm6+a4s4RI0w=",
        "owner": "NixOS",
        "repo": "nixpkgs",
        "rev": "595ee2b1a31a50efcb8db3824999abb98ec1d0c9",
        "type": "github"
      },
      "original": {
        "owner": "NixOS",
        "ref": "nixpkgs-26.05-darwin",
        "repo": "nixpkgs",
        "type": "github"
      }
    },
    "nixpkgs-lib": {
      "locked": {
        "lastModified": 1777168982,
        "narHash": "sha256-GOkGPcboWE9BmGCRMLX3worL4EMnsnG8MyKmXNeYuhQ=",
        "owner": "nix-community",
        "repo": "nixpkgs.lib",
        "rev": "f5901329dade4a6ea039af1433fb087bd9c1fe14",
        "type": "github"
      },
      "original": {
        "owner": "nix-community",
        "repo": "nixpkgs.lib",
        "type": "github"
      }
    },
    "nixvim": {
      "inputs": {
        "flake-parts": [
          "flake-parts"
        ],
        "nixpkgs": [
          "nixpkgs"
        ],
        "systems": [
          "systems"
        ]
      },
      "locked": {
        "lastModified": 1780214453,
        "narHash": "sha256-Bfq9y0X6Vs4UPb67u7hN3jt7fJKHtl3+g0lBSDebRNg=",
        "owner": "nix-community",
        "repo": "nixvim",
        "rev": "167da56c3ab1e51751a6ae4a997ed66587f9edae",
        "type": "github"
      },
      "original": {
        "owner": "nix-community",
        "ref": "nixos-26.05",
        "repo": "nixvim",
        "type": "github"
      }
    },
    "root": {
      "inputs": {
        "flake-parts": "flake-parts",
        "nixpkgs": "nixpkgs",
        "nixpkgs-darwin": "nixpkgs-darwin",
        "nixvim": "nixvim",
        "systems": "systems"
      }
    },
    "systems": {
      "locked": {
        "lastModified": 1681028828,
        "narHash": "sha256-Vy1rq5AaRuLzOxct8nz4T6wlgyUR7zLU309k9mBC768=",
        "owner": "nix-systems",
        "repo": "default",
        "rev": "da67096a3b9bf56a91d16901293e51ba5b49a27e",
        "type": "github"
      },
      "original": {
        "owner": "nix-systems",
        "repo": "default",
        "type": "github"
      }
    }
  },
  "root": "root",
  "version": 7
}
